
Microsoft Visual Studio Solution File, Format Version 12.00
# Visual Studio Version 17
VisualStudioVersion = 17.7.34031.279
MinimumVisualStudioVersion = 10.0.40219.1
Project("{FAE04EC0-301F-11D3-BF4B-00C04F79EFBC}") = "NugetSqliteCollection", "NugetSqliteCollection\NugetSqliteCollection.csproj", "{7F95B63F-A111-4CB5-B305-C26BDEC5163B}"
EndProject
Global
	GlobalSection(SolutionConfigurationPlatforms) = preSolution
		Debug|Any CPU = Debug|Any CPU
		Release|Any CPU = Release|Any CPU
	EndGlobalSection
	GlobalSection(ProjectConfigurationPlatforms) = postSolution
		{7F95B63F-A111-4CB5-B305-C26BDEC5163B}.Debug|Any CPU.ActiveCfg = Debug|Any CPU
		{7F95B63F-A111-4CB5-B305-C26BDEC5163B}.Debug|Any CPU.Build.0 = Debug|Any CPU
		{7F95B63F-A111-4CB5-B305-C26BDEC5163B}.Release|Any CPU.ActiveCfg = Release|Any CPU
		{7F95B63F-A111-4CB5-B305-C26BDEC5163B}.Release|Any CPU.Build.0 = Release|Any CPU
	EndGlobalSection
	GlobalSection(SolutionProperties) = preSolution
		HideSolutionNode = FALSE
	EndGlobalSection
	GlobalSection(ExtensibilityGlobals) = postSolution
		SolutionGuid = {FB8E538A-2E43-4CED-B163-A97AF1A9FA9A}
	EndGlobalSection
EndGlobal
